
Microsoft Visual Studio Solution File, Format Version 12.00
# Visual Studio Version 16
VisualStudioVersion = 16.0.29721.120
MinimumVisualStudioVersion = 15.0.26124.0
Project("{2150E333-8FDC-42A3-9474-1A3956D46DE8}") = "src", "src", "{D21CB079-8C41-45CA-9737-0927D6FC2067}"
EndProject
Project("{FAE04EC0-301F-11D3-BF4B-00C04F79EFBC}") = "Yoh.Tuples", "src\Yoh.Tuples\Yoh.Tuples.csproj", "{649C6710-9678-43AF-9CDD-08DC34D4916E}"
EndProject
Project("{2150E333-8FDC-42A3-9474-1A3956D46DE8}") = "test", "test", "{DCD4C869-B306-4611-9D7D-A85D1745D3A2}"
EndProject
Project("{FAE04EC0-301F-11D3-BF4B-00C04F79EFBC}") = "Yoh.Tuples.Tests", "test\Yoh.Tuples.Tests\Yoh.Tuples.Tests.csproj", "{79B431E5-8C31-44CD-B127-EEC6D8ABAFBC}"
EndProject
Global
	GlobalSection(SolutionConfigurationPlatforms) = preSolution
		Debug|Any CPU = Debug|Any CPU
		Release|Any CPU = Release|Any CPU
	EndGlobalSection
	GlobalSection(ProjectConfigurationPlatforms) = postSolution
		{649C6710-9678-43AF-9CDD-08DC34D4916E}.Debug|Any CPU.ActiveCfg = Debug|Any CPU
		{649C6710-9678-43AF-9CDD-08DC34D4916E}.Debug|Any CPU.Build.0 = Debug|Any CPU
		{649C6710-9678-43AF-9CDD-08DC34D4916E}.Release|Any CPU.ActiveCfg = Release|Any CPU
		{649C6710-9678-43AF-9CDD-08DC34D4916E}.Release|Any CPU.Build.0 = Release|Any CPU
		{79B431E5-8C31-44CD-B127-EEC6D8ABAFBC}.Debug|Any CPU.ActiveCfg = Debug|Any CPU
		{79B431E5-8C31-44CD-B127-EEC6D8ABAFBC}.Debug|Any CPU.Build.0 = Debug|Any CPU
		{79B431E5-8C31-44CD-B127-EEC6D8ABAFBC}.Release|Any CPU.ActiveCfg = Release|Any CPU
		{79B431E5-8C31-44CD-B127-EEC6D8ABAFBC}.Release|Any CPU.Build.0 = Release|Any CPU
	EndGlobalSection
	GlobalSection(SolutionProperties) = preSolution
		HideSolutionNode = FALSE
	EndGlobalSection
	GlobalSection(NestedProjects) = preSolution
		{649C6710-9678-43AF-9CDD-08DC34D4916E} = {D21CB079-8C41-45CA-9737-0927D6FC2067}
		{79B431E5-8C31-44CD-B127-EEC6D8ABAFBC} = {DCD4C869-B306-4611-9D7D-A85D1745D3A2}
	EndGlobalSection
	GlobalSection(ExtensibilityGlobals) = postSolution
		SolutionGuid = {CE4DDEAB-38CC-4F50-BDBA-6E80AE31D50B}
	EndGlobalSection
EndGlobal
